
Microsoft Visual Studio Solution File, Format Version 12.00
# Visual Studio Version 16
VisualStudioVersion = 16.0.30804.86
MinimumVisualStudioVersion = 10.0.40219.1
Project("{FAE04EC0-301F-11D3-BF4B-00C04F79EFBC}") = "MicrochartsSample.GTK", "Microcharts.GTK.Sample\Microcharts.GTK.Sample.GTK\MicrochartsSample.GTK.csproj", "{28CBDD3E-81F9-42B9-BD58-893516FD23C5}"
EndProject
Project("{2150E333-8FDC-42A3-9474-1A3956D46DE8}") = "Solution Items", "Solution Items", "{1CAA3AF8-6DD9-40A7-97A3-54F2AA195C51}"
	ProjectSection(SolutionItems) = preProject
		README.md = README.md
	EndProjectSection
EndProject
Project("{FAE04EC0-301F-11D3-BF4B-00C04F79EFBC}") = "MicrochartsSample.UWP", "Microcharts.GTK.Sample\MicrochartsSample\MicrochartsSample.UWP\MicrochartsSample.UWP.csproj", "{9D9074D5-3717-44C6-B503-809FBA341396}"
EndProject
Project("{FAE04EC0-301F-11D3-BF4B-00C04F79EFBC}") = "MicrochartsSample.Android", "Microcharts.GTK.Sample\MicrochartsSample\MicrochartsSample.Android\MicrochartsSample.Android.csproj", "{C75A952F-C014-4377-BBAA-144F16CADC84}"
EndProject
Project("{FAE04EC0-301F-11D3-BF4B-00C04F79EFBC}") = "MicrochartsSample.iOS", "Microcharts.GTK.Sample\MicrochartsSample\MicrochartsSample.iOS\MicrochartsSample.iOS.csproj", "{0D7D8B3D-3AAC-4D01-AA40-6F072E317724}"
EndProject
Project("{FAE04EC0-301F-11D3-BF4B-00C04F79EFBC}") = "MicrochartsSample", "Microcharts.GTK.Sample\MicrochartsSample\MicrochartsSample\MicrochartsSample.csproj", "{4E9450E3-D538-4E2E-A90D-A2D577BD21A0}"
EndProject
Global
	GlobalSection(SolutionConfigurationPlatforms) = preSolution
		Debug|Any CPU = Debug|Any CPU
		Debug|ARM = Debug|ARM
		Debug|iPhone = Debug|iPhone
		Debug|iPhoneSimulator = Debug|iPhoneSimulator
		Debug|x64 = Debug|x64
		Debug|x86 = Debug|x86
		Release|Any CPU = Release|Any CPU
		Release|ARM = Release|ARM
		Release|iPhone = Release|iPhone
		Release|iPhoneSimulator = Release|iPhoneSimulator
		Release|x64 = Release|x64
		Release|x86 = Release|x86
	EndGlobalSection
	GlobalSection(ProjectConfigurationPlatforms) = postSolution
		{28CBDD3E-81F9-42B9-BD58-893516FD23C5}.Debug|Any CPU.ActiveCfg = Debug|Any CPU
		{28CBDD3E-81F9-42B9-BD58-893516FD23C5}.Debug|Any CPU.Build.0 = Debug|Any CPU
		{28CBDD3E-81F9-42B9-BD58-893516FD23C5}.Debug|ARM.ActiveCfg = Debug|Any CPU
		{28CBDD3E-81F9-42B9-BD58-893516FD23C5}.Debug|ARM.Build.0 = Debug|Any CPU
		{28CBDD3E-81F9-42B9-BD58-893516FD23C5}.Debug|iPhone.ActiveCfg = Debug|Any CPU
		{28CBDD3E-81F9-42B9-BD58-893516FD23C5}.Debug|iPhone.Build.0 = Debug|Any CPU
		{28CBDD3E-81F9-42B9-BD58-893516FD23C5}.Debug|iPhoneSimulator.ActiveCfg = Debug|Any CPU
		{28CBDD3E-81F9-42B9-BD58-893516FD23C5}.Debug|iPhoneSimulator.Build.0 = Debug|Any CPU
		{28CBDD3E-81F9-42B9-BD58-893516FD23C5}.Debug|x64.ActiveCfg = Debug|Any CPU
		{28CBDD3E-81F9-42B9-BD58-893516FD23C5}.Debug|x64.Build.0 = Debug|Any CPU
		{28CBDD3E-81F9-42B9-BD58-893516FD23C5}.Debug|x86.ActiveCfg = Debug|Any CPU
		{28CBDD3E-81F9-42B9-BD58-893516FD23C5}.Debug|x86.Build.0 = Debug|Any CPU
		{28CBDD3E-81F9-42B9-BD58-893516FD23C5}.Release|Any CPU.ActiveCfg = Release|Any CPU
		{28CBDD3E-81F9-42B9-BD58-893516FD23C5}.Release|Any CPU.Build.0 = Release|Any CPU
		{28CBDD3E-81F9-42B9-BD58-893516FD23C5}.Release|ARM.ActiveCfg = Release|Any CPU
		{28CBDD3E-81F9-42B9-BD58-893516FD23C5}.Release|ARM.Build.0 = Release|Any CPU
		{28CBDD3E-81F9-42B9-BD58-893516FD23C5}.Release|iPhone.ActiveCfg = Release|Any CPU
		{28CBDD3E-81F9-42B9-BD58-893516FD23C5}.Release|iPhone.Build.0 = Release|Any CPU
		{28CBDD3E-81F9-42B9-BD58-893516FD23C5}.Release|iPhoneSimulator.ActiveCfg = Release|Any CPU
		{28CBDD3E-81F9-42B9-BD58-893516FD23C5}.Release|iPhoneSimulator.Build.0 = Release|Any CPU
		{28CBDD3E-81F9-42B9-BD58-893516FD23C5}.Release|x64.ActiveCfg = Release|Any CPU
		{28CBDD3E-81F9-42B9-BD58-893516FD23C5}.Release|x64.Build.0 = Release|Any CPU
		{28CBDD3E-81F9-42B9-BD58-893516FD23C5}.Release|x86.ActiveCfg = Release|Any CPU
		{28CBDD3E-81F9-42B9-BD58-893516FD23C5}.Release|x86.Build.0 = Release|Any CPU
		{9D9074D5-3717-44C6-B503-809FBA341396}.Debug|Any CPU.ActiveCfg = Debug|x86
		{9D9074D5-3717-44C6-B503-809FBA341396}.Debug|Any CPU.Build.0 = Debug|x86
		{9D9074D5-3717-44C6-B503-809FBA341396}.Debug|Any CPU.Deploy.0 = Debug|x86
		{9D9074D5-3717-44C6-B503-809FBA341396}.Debug|ARM.ActiveCfg = Debug|ARM
		{9D9074D5-3717-44C6-B503-809FBA341396}.Debug|ARM.Build.0 = Debug|ARM
		{9D9074D5-3717-44C6-B503-809FBA341396}.Debug|ARM.Deploy.0 = Debug|ARM
		{9D9074D5-3717-44C6-B503-809FBA341396}.Debug|iPhone.ActiveCfg = Debug|x86
		{9D9074D5-3717-44C6-B503-809FBA341396}.Debug|iPhoneSimulator.ActiveCfg = Debug|x86
		{9D9074D5-3717-44C6-B503-809FBA341396}.Debug|x64.ActiveCfg = Debug|x64
		{9D9074D5-3717-44C6-B503-809FBA341396}.Debug|x64.Build.0 = Debug|x64
		{9D9074D5-3717-44C6-B503-809FBA341396}.Debug|x64.Deploy.0 = Debug|x64
		{9D9074D5-3717-44C6-B503-809FBA341396}.Debug|x86.ActiveCfg = Debug|x86
		{9D9074D5-3717-44C6-B503-809FBA341396}.Debug|x86.Build.0 = Debug|x86
		{9D9074D5-3717-44C6-B503-809FBA341396}.Debug|x86.Deploy.0 = Debug|x86
		{9D9074D5-3717-44C6-B503-809FBA341396}.Release|Any CPU.ActiveCfg = Release|x86
		{9D9074D5-3717-44C6-B503-809FBA341396}.Release|ARM.ActiveCfg = Release|ARM
		{9D9074D5-3717-44C6-B503-809FBA341396}.Release|ARM.Build.0 = Release|ARM
		{9D9074D5-3717-44C6-B503-809FBA341396}.Release|ARM.Deploy.0 = Release|ARM
		{9D9074D5-3717-44C6-B503-809FBA341396}.Release|iPhone.ActiveCfg = Release|x86
		{9D9074D5-3717-44C6-B503-809FBA341396}.Release|iPhoneSimulator.ActiveCfg = Release|x86
		{9D9074D5-3717-44C6-B503-809FBA341396}.Release|x64.ActiveCfg = Release|x64
		{9D9074D5-3717-44C6-B503-809FBA341396}.Release|x64.Build.0 = Release|x64
		{9D9074D5-3717-44C6-B503-809FBA341396}.Release|x64.Deploy.0 = Release|x64
		{9D9074D5-3717-44C6-B503-809FBA341396}.Release|x86.ActiveCfg = Release|x86
		{9D9074D5-3717-44C6-B503-809FBA341396}.Release|x86.Build.0 = Release|x86
		{9D9074D5-3717-44C6-B503-809FBA341396}.Release|x86.Deploy.0 = Release|x86
		{C75A952F-C014-4377-BBAA-144F16CADC84}.Debug|Any CPU.ActiveCfg = Debug|Any CPU
		{C75A952F-C014-4377-BBAA-144F16CADC84}.Debug|Any CPU.Build.0 = Debug|Any CPU
		{C75A952F-C014-4377-BBAA-144F16CADC84}.Debug|Any CPU.Deploy.0 = Debug|Any CPU
		{C75A952F-C014-4377-BBAA-144F16CADC84}.Debug|ARM.ActiveCfg = Debug|Any CPU
		{C75A952F-C014-4377-BBAA-144F16CADC84}.Debug|ARM.Build.0 = Debug|Any CPU
		{C75A952F-C014-4377-BBAA-144F16CADC84}.Debug|ARM.Deploy.0 = Debug|Any CPU
		{C75A952F-C014-4377-BBAA-144F16CADC84}.Debug|iPhone.ActiveCfg = Debug|Any CPU
		{C75A952F-C014-4377-BBAA-144F16CADC84}.Debug|iPhone.Build.0 = Debug|Any CPU
		{C75A952F-C014-4377-BBAA-144F16CADC84}.Debug|iPhone.Deploy.0 = Debug|Any CPU
		{C75A952F-C014-4377-BBAA-144F16CADC84}.Debug|iPhoneSimulator.ActiveCfg = Debug|Any CPU
		{C75A952F-C014-4377-BBAA-144F16CADC84}.Debug|iPhoneSimulator.Build.0 = Debug|Any CPU
		{C75A952F-C014-4377-BBAA-144F16CADC84}.Debug|iPhoneSimulator.Deploy.0 = Debug|Any CPU
		{C75A952F-C014-4377-BBAA-144F16CADC84}.Debug|x64.ActiveCfg = Debug|Any CPU
		{C75A952F-C014-4377-BBAA-144F16CADC84}.Debug|x64.Build.0 = Debug|Any CPU
		{C75A952F-C014-4377-BBAA-144F16CADC84}.Debug|x64.Deploy.0 = Debug|Any CPU
		{C75A952F-C014-4377-BBAA-144F16CADC84}.Debug|x86.ActiveCfg = Debug|Any CPU
		{C75A952F-C014-4377-BBAA-144F16CADC84}.Debug|x86.Build.0 = Debug|Any CPU
		{C75A952F-C014-4377-BBAA-144F16CADC84}.Debug|x86.Deploy.0 = Debug|Any CPU
		{C75A952F-C014-4377-BBAA-144F16CADC84}.Release|Any CPU.ActiveCfg = Release|Any CPU
		{C75A952F-C014-4377-BBAA-144F16CADC84}.Release|Any CPU.Build.0 = Release|Any CPU
		{C75A952F-C014-4377-BBAA-144F16CADC84}.Release|Any CPU.Deploy.0 = Release|Any CPU
		{C75A952F-C014-4377-BBAA-144F16CADC84}.Release|ARM.ActiveCfg = Release|Any CPU
		{C75A952F-C014-4377-BBAA-144F16CADC84}.Release|ARM.Build.0 = Release|Any CPU
		{C75A952F-C014-4377-BBAA-144F16CADC84}.Release|ARM.Deploy.0 = Release|Any CPU
		{C75A952F-C014-4377-BBAA-144F16CADC84}.Release|iPhone.ActiveCfg = Release|Any CPU
		{C75A952F-C014-4377-BBAA-144F16CADC84}.Release|iPhone.Build.0 = Release|Any CPU
		{C75A952F-C014-4377-BBAA-144F16CADC84}.Release|iPhone.Deploy.0 = Release|Any CPU
		{C75A952F-C014-4377-BBAA-144F16CADC84}.Release|iPhoneSimulator.ActiveCfg = Release|Any CPU
		{C75A952F-C014-4377-BBAA-144F16CADC84}.Release|iPhoneSimulator.Build.0 = Release|Any CPU
		{C75A952F-C014-4377-BBAA-144F16CADC84}.Release|iPhoneSimulator.Deploy.0 = Release|Any CPU
		{C75A952F-C014-4377-BBAA-144F16CADC84}.Release|x64.ActiveCfg = Release|Any CPU
		{C75A952F-C014-4377-BBAA-144F16CADC84}.Release|x64.Build.0 = Release|Any CPU
		{C75A952F-C014-4377-BBAA-144F16CADC84}.Release|x64.Deploy.0 = Release|Any CPU
		{C75A952F-C014-4377-BBAA-144F16CADC84}.Release|x86.ActiveCfg = Release|Any CPU
		{C75A952F-C014-4377-BBAA-144F16CADC84}.Release|x86.Build.0 = Release|Any CPU
		{C75A952F-C014-4377-BBAA-144F16CADC84}.Release|x86.Deploy.0 = Release|Any CPU
		{0D7D8B3D-3AAC-4D01-AA40-6F072E317724}.Debug|Any CPU.ActiveCfg = Debug|iPhoneSimulator
		{0D7D8B3D-3AAC-4D01-AA40-6F072E317724}.Debug|ARM.ActiveCfg = Debug|iPhoneSimulator
		{0D7D8B3D-3AAC-4D01-AA40-6F072E317724}.Debug|iPhone.ActiveCfg = Debug|iPhone
		{0D7D8B3D-3AAC-4D01-AA40-6F072E317724}.Debug|iPhone.Build.0 = Debug|iPhone
		{0D7D8B3D-3AAC-4D01-AA40-6F072E317724}.Debug|iPhoneSimulator.ActiveCfg = Debug|iPhoneSimulator
		{0D7D8B3D-3AAC-4D01-AA40-6F072E317724}.Debug|iPhoneSimulator.Build.0 = Debug|iPhoneSimulator
		{0D7D8B3D-3AAC-4D01-AA40-6F072E317724}.Debug|x64.ActiveCfg = Debug|iPhoneSimulator
		{0D7D8B3D-3AAC-4D01-AA40-6F072E317724}.Debug|x86.ActiveCfg = Debug|iPhoneSimulator
		{0D7D8B3D-3AAC-4D01-AA40-6F072E317724}.Release|Any CPU.ActiveCfg = Release|iPhoneSimulator
		{0D7D8B3D-3AAC-4D01-AA40-6F072E317724}.Release|ARM.ActiveCfg = Release|iPhoneSimulator
		{0D7D8B3D-3AAC-4D01-AA40-6F072E317724}.Release|iPhone.ActiveCfg = Release|iPhone
		{0D7D8B3D-3AAC-4D01-AA40-6F072E317724}.Release|iPhone.Build.0 = Release|iPhone
		{0D7D8B3D-3AAC-4D01-AA40-6F072E317724}.Release|iPhoneSimulator.ActiveCfg = Release|iPhoneSimulator
		{0D7D8B3D-3AAC-4D01-AA40-6F072E317724}.Release|iPhoneSimulator.Build.0 = Release|iPhoneSimulator
		{0D7D8B3D-3AAC-4D01-AA40-6F072E317724}.Release|x64.ActiveCfg = Release|iPhoneSimulator
		{0D7D8B3D-3AAC-4D01-AA40-6F072E317724}.Release|x86.ActiveCfg = Release|iPhoneSimulator
		{4E9450E3-D538-4E2E-A90D-A2D577BD21A0}.Debug|Any CPU.ActiveCfg = Debug|Any CPU
		{4E9450E3-D538-4E2E-A90D-A2D577BD21A0}.Debug|Any CPU.Build.0 = Debug|Any CPU
		{4E9450E3-D538-4E2E-A90D-A2D577BD21A0}.Debug|ARM.ActiveCfg = Debug|Any CPU
		{4E9450E3-D538-4E2E-A90D-A2D577BD21A0}.Debug|ARM.Build.0 = Debug|Any CPU
		{4E9450E3-D538-4E2E-A90D-A2D577BD21A0}.Debug|iPhone.ActiveCfg = Debug|Any CPU
		{4E9450E3-D538-4E2E-A90D-A2D577BD21A0}.Debug|iPhone.Build.0 = Debug|Any CPU
		{4E9450E3-D538-4E2E-A90D-A2D577BD21A0}.Debug|iPhoneSimulator.ActiveCfg = Debug|Any CPU
		{4E9450E3-D538-4E2E-A90D-A2D577BD21A0}.Debug|iPhoneSimulator.Build.0 = Debug|Any CPU
		{4E9450E3-D538-4E2E-A90D-A2D577BD21A0}.Debug|x64.ActiveCfg = Debug|Any CPU
		{4E9450E3-D538-4E2E-A90D-A2D577BD21A0}.Debug|x64.Build.0 = Debug|Any CPU
		{4E9450E3-D538-4E2E-A90D-A2D577BD21A0}.Debug|x86.ActiveCfg = Debug|Any CPU
		{4E9450E3-D538-4E2E-A90D-A2D577BD21A0}.Debug|x86.Build.0 = Debug|Any CPU
		{4E9450E3-D538-4E2E-A90D-A2D577BD21A0}.Release|Any CPU.ActiveCfg = Release|Any CPU
		{4E9450E3-D538-4E2E-A90D-A2D577BD21A0}.Release|Any CPU.Build.0 = Release|Any CPU
		{4E9450E3-D538-4E2E-A90D-A2D577BD21A0}.Release|ARM.ActiveCfg = Release|Any CPU
		{4E9450E3-D538-4E2E-A90D-A2D577BD21A0}.Release|ARM.Build.0 = Release|Any CPU
		{4E9450E3-D538-4E2E-A90D-A2D577BD21A0}.Release|iPhone.ActiveCfg = Release|Any CPU
		{4E9450E3-D538-4E2E-A90D-A2D577BD21A0}.Release|iPhone.Build.0 = Release|Any CPU
		{4E9450E3-D538-4E2E-A90D-A2D577BD21A0}.Release|iPhoneSimulator.ActiveCfg = Release|Any CPU
		{4E9450E3-D538-4E2E-A90D-A2D577BD21A0}.Release|iPhoneSimulator.Build.0 = Release|Any CPU
		{4E9450E3-D538-4E2E-A90D-A2D577BD21A0}.Release|x64.ActiveCfg = Release|Any CPU
		{4E9450E3-D538-4E2E-A90D-A2D577BD21A0}.Release|x64.Build.0 = Release|Any CPU
		{4E9450E3-D538-4E2E-A90D-A2D577BD21A0}.Release|x86.ActiveCfg = Release|Any CPU
		{4E9450E3-D538-4E2E-A90D-A2D577BD21A0}.Release|x86.Build.0 = Release|Any CPU
	EndGlobalSection
	GlobalSection(SolutionProperties) = preSolution
		HideSolutionNode = FALSE
	EndGlobalSection
	GlobalSection(ExtensibilityGlobals) = postSolution
		SolutionGuid = {846D4BDF-24B1-4526-8DBD-E37FFF8A50CD}
	EndGlobalSection
EndGlobal
