
Microsoft Visual Studio Solution File, Format Version 12.00
# Visual Studio Version 16
VisualStudioVersion = 16.0.31112.23
MinimumVisualStudioVersion = 10.0.40219.1
Project("{D954291E-2A0B-460D-934E-DC6B0785DB48}") = "UNO.Shared", "UNO.Shared\UNO.Shared.shproj", "{6279C845-92F8-4333-AB99-3D213163593C}"
EndProject
Project("{2150E333-8FDC-42A3-9474-1A3956D46DE8}") = "Platforms", "Platforms", "{680CC048-B990-4A05-8633-0131B5E7F26D}"
EndProject
Project("{FAE04EC0-301F-11D3-BF4B-00C04F79EFBC}") = "UNO.Droid", "UNO.Droid\UNO.Droid.csproj", "{EEB57F9E-6F8D-449B-B42B-7DD37CD72B9C}"
EndProject
Project("{FAE04EC0-301F-11D3-BF4B-00C04F79EFBC}") = "UNO.UWP", "UNO.UWP\UNO.UWP.csproj", "{42CDB08E-CD46-480C-B73A-A9A4E390D2FA}"
EndProject
Project("{FAE04EC0-301F-11D3-BF4B-00C04F79EFBC}") = "UNO.Wasm", "UNO.Wasm\UNO.Wasm.csproj", "{0E32E1C0-A94E-456B-9145-006E4152777C}"
EndProject
Project("{FAE04EC0-301F-11D3-BF4B-00C04F79EFBC}") = "UNO.Skia.Gtk", "UNO.Skia.Gtk\UNO.Skia.Gtk.csproj", "{AEB51B4F-8442-4D4C-82EC-D8F7B2014F47}"
EndProject
Global
	GlobalSection(SharedMSBuildProjectFiles) = preSolution
		UNO.Shared\UNO.Shared.projitems*{0e32e1c0-a94e-456b-9145-006e4152777c}*SharedItemsImports = 5
		UNO.Shared\UNO.Shared.projitems*{42cdb08e-cd46-480c-b73a-a9a4e390d2fa}*SharedItemsImports = 4
		UNO.Shared\UNO.Shared.projitems*{6279c845-92f8-4333-ab99-3d213163593c}*SharedItemsImports = 13
		UNO.Shared\UNO.Shared.projitems*{aeb51b4f-8442-4d4c-82ec-d8f7b2014f47}*SharedItemsImports = 5
		UNO.Shared\UNO.Shared.projitems*{eeb57f9e-6f8d-449b-b42b-7dd37cd72b9c}*SharedItemsImports = 4
	EndGlobalSection
	GlobalSection(SolutionConfigurationPlatforms) = preSolution
		Ad-Hoc|Any CPU = Ad-Hoc|Any CPU
		Ad-Hoc|ARM = Ad-Hoc|ARM
		Ad-Hoc|ARM64 = Ad-Hoc|ARM64
		Ad-Hoc|iPhone = Ad-Hoc|iPhone
		Ad-Hoc|iPhoneSimulator = Ad-Hoc|iPhoneSimulator
		Ad-Hoc|x64 = Ad-Hoc|x64
		Ad-Hoc|x86 = Ad-Hoc|x86
		AppStore|Any CPU = AppStore|Any CPU
		AppStore|ARM = AppStore|ARM
		AppStore|ARM64 = AppStore|ARM64
		AppStore|iPhone = AppStore|iPhone
		AppStore|iPhoneSimulator = AppStore|iPhoneSimulator
		AppStore|x64 = AppStore|x64
		AppStore|x86 = AppStore|x86
		Debug|Any CPU = Debug|Any CPU
		Debug|ARM = Debug|ARM
		Debug|ARM64 = Debug|ARM64
		Debug|iPhone = Debug|iPhone
		Debug|iPhoneSimulator = Debug|iPhoneSimulator
		Debug|x64 = Debug|x64
		Debug|x86 = Debug|x86
		Release|Any CPU = Release|Any CPU
		Release|ARM = Release|ARM
		Release|ARM64 = Release|ARM64
		Release|iPhone = Release|iPhone
		Release|iPhoneSimulator = Release|iPhoneSimulator
		Release|x64 = Release|x64
		Release|x86 = Release|x86
	EndGlobalSection
	GlobalSection(ProjectConfigurationPlatforms) = postSolution
		{EEB57F9E-6F8D-449B-B42B-7DD37CD72B9C}.Ad-Hoc|Any CPU.ActiveCfg = Debug|Any CPU
		{EEB57F9E-6F8D-449B-B42B-7DD37CD72B9C}.Ad-Hoc|Any CPU.Build.0 = Debug|Any CPU
		{EEB57F9E-6F8D-449B-B42B-7DD37CD72B9C}.Ad-Hoc|Any CPU.Deploy.0 = Debug|Any CPU
		{EEB57F9E-6F8D-449B-B42B-7DD37CD72B9C}.Ad-Hoc|ARM.ActiveCfg = Debug|Any CPU
		{EEB57F9E-6F8D-449B-B42B-7DD37CD72B9C}.Ad-Hoc|ARM.Build.0 = Debug|Any CPU
		{EEB57F9E-6F8D-449B-B42B-7DD37CD72B9C}.Ad-Hoc|ARM.Deploy.0 = Debug|Any CPU
		{EEB57F9E-6F8D-449B-B42B-7DD37CD72B9C}.Ad-Hoc|ARM64.ActiveCfg = Debug|Any CPU
		{EEB57F9E-6F8D-449B-B42B-7DD37CD72B9C}.Ad-Hoc|ARM64.Build.0 = Debug|Any CPU
		{EEB57F9E-6F8D-449B-B42B-7DD37CD72B9C}.Ad-Hoc|ARM64.Deploy.0 = Debug|Any CPU
		{EEB57F9E-6F8D-449B-B42B-7DD37CD72B9C}.Ad-Hoc|iPhone.ActiveCfg = Debug|Any CPU
		{EEB57F9E-6F8D-449B-B42B-7DD37CD72B9C}.Ad-Hoc|iPhone.Build.0 = Debug|Any CPU
		{EEB57F9E-6F8D-449B-B42B-7DD37CD72B9C}.Ad-Hoc|iPhone.Deploy.0 = Debug|Any CPU
		{EEB57F9E-6F8D-449B-B42B-7DD37CD72B9C}.Ad-Hoc|iPhoneSimulator.ActiveCfg = Debug|Any CPU
		{EEB57F9E-6F8D-449B-B42B-7DD37CD72B9C}.Ad-Hoc|iPhoneSimulator.Build.0 = Debug|Any CPU
		{EEB57F9E-6F8D-449B-B42B-7DD37CD72B9C}.Ad-Hoc|iPhoneSimulator.Deploy.0 = Debug|Any CPU
		{EEB57F9E-6F8D-449B-B42B-7DD37CD72B9C}.Ad-Hoc|x64.ActiveCfg = Debug|Any CPU
		{EEB57F9E-6F8D-449B-B42B-7DD37CD72B9C}.Ad-Hoc|x64.Build.0 = Debug|Any CPU
		{EEB57F9E-6F8D-449B-B42B-7DD37CD72B9C}.Ad-Hoc|x64.Deploy.0 = Debug|Any CPU
		{EEB57F9E-6F8D-449B-B42B-7DD37CD72B9C}.Ad-Hoc|x86.ActiveCfg = Debug|Any CPU
		{EEB57F9E-6F8D-449B-B42B-7DD37CD72B9C}.Ad-Hoc|x86.Build.0 = Debug|Any CPU
		{EEB57F9E-6F8D-449B-B42B-7DD37CD72B9C}.Ad-Hoc|x86.Deploy.0 = Debug|Any CPU
		{EEB57F9E-6F8D-449B-B42B-7DD37CD72B9C}.AppStore|Any CPU.ActiveCfg = Debug|Any CPU
		{EEB57F9E-6F8D-449B-B42B-7DD37CD72B9C}.AppStore|Any CPU.Build.0 = Debug|Any CPU
		{EEB57F9E-6F8D-449B-B42B-7DD37CD72B9C}.AppStore|Any CPU.Deploy.0 = Debug|Any CPU
		{EEB57F9E-6F8D-449B-B42B-7DD37CD72B9C}.AppStore|ARM.ActiveCfg = Debug|Any CPU
		{EEB57F9E-6F8D-449B-B42B-7DD37CD72B9C}.AppStore|ARM.Build.0 = Debug|Any CPU
		{EEB57F9E-6F8D-449B-B42B-7DD37CD72B9C}.AppStore|ARM.Deploy.0 = Debug|Any CPU
		{EEB57F9E-6F8D-449B-B42B-7DD37CD72B9C}.AppStore|ARM64.ActiveCfg = Debug|Any CPU
		{EEB57F9E-6F8D-449B-B42B-7DD37CD72B9C}.AppStore|ARM64.Build.0 = Debug|Any CPU
		{EEB57F9E-6F8D-449B-B42B-7DD37CD72B9C}.AppStore|ARM64.Deploy.0 = Debug|Any CPU
		{EEB57F9E-6F8D-449B-B42B-7DD37CD72B9C}.AppStore|iPhone.ActiveCfg = Debug|Any CPU
		{EEB57F9E-6F8D-449B-B42B-7DD37CD72B9C}.AppStore|iPhone.Build.0 = Debug|Any CPU
		{EEB57F9E-6F8D-449B-B42B-7DD37CD72B9C}.AppStore|iPhone.Deploy.0 = Debug|Any CPU
		{EEB57F9E-6F8D-449B-B42B-7DD37CD72B9C}.AppStore|iPhoneSimulator.ActiveCfg = Debug|Any CPU
		{EEB57F9E-6F8D-449B-B42B-7DD37CD72B9C}.AppStore|iPhoneSimulator.Build.0 = Debug|Any CPU
		{EEB57F9E-6F8D-449B-B42B-7DD37CD72B9C}.AppStore|iPhoneSimulator.Deploy.0 = Debug|Any CPU
		{EEB57F9E-6F8D-449B-B42B-7DD37CD72B9C}.AppStore|x64.ActiveCfg = Debug|Any CPU
		{EEB57F9E-6F8D-449B-B42B-7DD37CD72B9C}.AppStore|x64.Build.0 = Debug|Any CPU
		{EEB57F9E-6F8D-449B-B42B-7DD37CD72B9C}.AppStore|x64.Deploy.0 = Debug|Any CPU
		{EEB57F9E-6F8D-449B-B42B-7DD37CD72B9C}.AppStore|x86.ActiveCfg = Debug|Any CPU
		{EEB57F9E-6F8D-449B-B42B-7DD37CD72B9C}.AppStore|x86.Build.0 = Debug|Any CPU
		{EEB57F9E-6F8D-449B-B42B-7DD37CD72B9C}.AppStore|x86.Deploy.0 = Debug|Any CPU
		{EEB57F9E-6F8D-449B-B42B-7DD37CD72B9C}.Debug|Any CPU.ActiveCfg = Debug|Any CPU
		{EEB57F9E-6F8D-449B-B42B-7DD37CD72B9C}.Debug|Any CPU.Build.0 = Debug|Any CPU
		{EEB57F9E-6F8D-449B-B42B-7DD37CD72B9C}.Debug|Any CPU.Deploy.0 = Debug|Any CPU
		{EEB57F9E-6F8D-449B-B42B-7DD37CD72B9C}.Debug|ARM.ActiveCfg = Debug|Any CPU
		{EEB57F9E-6F8D-449B-B42B-7DD37CD72B9C}.Debug|ARM.Build.0 = Debug|Any CPU
		{EEB57F9E-6F8D-449B-B42B-7DD37CD72B9C}.Debug|ARM.Deploy.0 = Debug|Any CPU
		{EEB57F9E-6F8D-449B-B42B-7DD37CD72B9C}.Debug|ARM64.ActiveCfg = Debug|Any CPU
		{EEB57F9E-6F8D-449B-B42B-7DD37CD72B9C}.Debug|ARM64.Build.0 = Debug|Any CPU
		{EEB57F9E-6F8D-449B-B42B-7DD37CD72B9C}.Debug|ARM64.Deploy.0 = Debug|Any CPU
		{EEB57F9E-6F8D-449B-B42B-7DD37CD72B9C}.Debug|iPhone.ActiveCfg = Debug|Any CPU
		{EEB57F9E-6F8D-449B-B42B-7DD37CD72B9C}.Debug|iPhone.Build.0 = Debug|Any CPU
		{EEB57F9E-6F8D-449B-B42B-7DD37CD72B9C}.Debug|iPhone.Deploy.0 = Debug|Any CPU
		{EEB57F9E-6F8D-449B-B42B-7DD37CD72B9C}.Debug|iPhoneSimulator.ActiveCfg = Debug|Any CPU
		{EEB57F9E-6F8D-449B-B42B-7DD37CD72B9C}.Debug|iPhoneSimulator.Build.0 = Debug|Any CPU
		{EEB57F9E-6F8D-449B-B42B-7DD37CD72B9C}.Debug|iPhoneSimulator.Deploy.0 = Debug|Any CPU
		{EEB57F9E-6F8D-449B-B42B-7DD37CD72B9C}.Debug|x64.ActiveCfg = Debug|Any CPU
		{EEB57F9E-6F8D-449B-B42B-7DD37CD72B9C}.Debug|x64.Build.0 = Debug|Any CPU
		{EEB57F9E-6F8D-449B-B42B-7DD37CD72B9C}.Debug|x64.Deploy.0 = Debug|Any CPU
		{EEB57F9E-6F8D-449B-B42B-7DD37CD72B9C}.Debug|x86.ActiveCfg = Debug|Any CPU
		{EEB57F9E-6F8D-449B-B42B-7DD37CD72B9C}.Debug|x86.Build.0 = Debug|Any CPU
		{EEB57F9E-6F8D-449B-B42B-7DD37CD72B9C}.Debug|x86.Deploy.0 = Debug|Any CPU
		{EEB57F9E-6F8D-449B-B42B-7DD37CD72B9C}.Release|Any CPU.ActiveCfg = Release|Any CPU
		{EEB57F9E-6F8D-449B-B42B-7DD37CD72B9C}.Release|Any CPU.Build.0 = Release|Any CPU
		{EEB57F9E-6F8D-449B-B42B-7DD37CD72B9C}.Release|Any CPU.Deploy.0 = Release|Any CPU
		{EEB57F9E-6F8D-449B-B42B-7DD37CD72B9C}.Release|ARM.ActiveCfg = Release|Any CPU
		{EEB57F9E-6F8D-449B-B42B-7DD37CD72B9C}.Release|ARM.Build.0 = Release|Any CPU
		{EEB57F9E-6F8D-449B-B42B-7DD37CD72B9C}.Release|ARM.Deploy.0 = Release|Any CPU
		{EEB57F9E-6F8D-449B-B42B-7DD37CD72B9C}.Release|ARM64.ActiveCfg = Release|Any CPU
		{EEB57F9E-6F8D-449B-B42B-7DD37CD72B9C}.Release|ARM64.Build.0 = Release|Any CPU
		{EEB57F9E-6F8D-449B-B42B-7DD37CD72B9C}.Release|ARM64.Deploy.0 = Release|Any CPU
		{EEB57F9E-6F8D-449B-B42B-7DD37CD72B9C}.Release|iPhone.ActiveCfg = Release|Any CPU
		{EEB57F9E-6F8D-449B-B42B-7DD37CD72B9C}.Release|iPhone.Build.0 = Release|Any CPU
		{EEB57F9E-6F8D-449B-B42B-7DD37CD72B9C}.Release|iPhone.Deploy.0 = Release|Any CPU
		{EEB57F9E-6F8D-449B-B42B-7DD37CD72B9C}.Release|iPhoneSimulator.ActiveCfg = Release|Any CPU
		{EEB57F9E-6F8D-449B-B42B-7DD37CD72B9C}.Release|iPhoneSimulator.Build.0 = Release|Any CPU
		{EEB57F9E-6F8D-449B-B42B-7DD37CD72B9C}.Release|iPhoneSimulator.Deploy.0 = Release|Any CPU
		{EEB57F9E-6F8D-449B-B42B-7DD37CD72B9C}.Release|x64.ActiveCfg = Release|Any CPU
		{EEB57F9E-6F8D-449B-B42B-7DD37CD72B9C}.Release|x64.Build.0 = Release|Any CPU
		{EEB57F9E-6F8D-449B-B42B-7DD37CD72B9C}.Release|x64.Deploy.0 = Release|Any CPU
		{EEB57F9E-6F8D-449B-B42B-7DD37CD72B9C}.Release|x86.ActiveCfg = Release|Any CPU
		{EEB57F9E-6F8D-449B-B42B-7DD37CD72B9C}.Release|x86.Build.0 = Release|Any CPU
		{EEB57F9E-6F8D-449B-B42B-7DD37CD72B9C}.Release|x86.Deploy.0 = Release|Any CPU
		{42CDB08E-CD46-480C-B73A-A9A4E390D2FA}.Ad-Hoc|Any CPU.ActiveCfg = Debug|x86
		{42CDB08E-CD46-480C-B73A-A9A4E390D2FA}.Ad-Hoc|Any CPU.Build.0 = Debug|x86
		{42CDB08E-CD46-480C-B73A-A9A4E390D2FA}.Ad-Hoc|Any CPU.Deploy.0 = Debug|x86
		{42CDB08E-CD46-480C-B73A-A9A4E390D2FA}.Ad-Hoc|ARM.ActiveCfg = Debug|ARM
		{42CDB08E-CD46-480C-B73A-A9A4E390D2FA}.Ad-Hoc|ARM.Build.0 = Debug|ARM
		{42CDB08E-CD46-480C-B73A-A9A4E390D2FA}.Ad-Hoc|ARM.Deploy.0 = Debug|ARM
		{42CDB08E-CD46-480C-B73A-A9A4E390D2FA}.Ad-Hoc|ARM64.ActiveCfg = Debug|ARM64
		{42CDB08E-CD46-480C-B73A-A9A4E390D2FA}.Ad-Hoc|ARM64.Build.0 = Debug|ARM64
		{42CDB08E-CD46-480C-B73A-A9A4E390D2FA}.Ad-Hoc|ARM64.Deploy.0 = Debug|ARM64
		{42CDB08E-CD46-480C-B73A-A9A4E390D2FA}.Ad-Hoc|iPhone.ActiveCfg = Debug|x86
		{42CDB08E-CD46-480C-B73A-A9A4E390D2FA}.Ad-Hoc|iPhone.Build.0 = Debug|x86
		{42CDB08E-CD46-480C-B73A-A9A4E390D2FA}.Ad-Hoc|iPhone.Deploy.0 = Debug|x86
		{42CDB08E-CD46-480C-B73A-A9A4E390D2FA}.Ad-Hoc|iPhoneSimulator.ActiveCfg = Debug|x86
		{42CDB08E-CD46-480C-B73A-A9A4E390D2FA}.Ad-Hoc|iPhoneSimulator.Build.0 = Debug|x86
		{42CDB08E-CD46-480C-B73A-A9A4E390D2FA}.Ad-Hoc|iPhoneSimulator.Deploy.0 = Debug|x86
		{42CDB08E-CD46-480C-B73A-A9A4E390D2FA}.Ad-Hoc|x64.ActiveCfg = Debug|x64
		{42CDB08E-CD46-480C-B73A-A9A4E390D2FA}.Ad-Hoc|x64.Build.0 = Debug|x64
		{42CDB08E-CD46-480C-B73A-A9A4E390D2FA}.Ad-Hoc|x64.Deploy.0 = Debug|x64
		{42CDB08E-CD46-480C-B73A-A9A4E390D2FA}.Ad-Hoc|x86.ActiveCfg = Debug|x86
		{42CDB08E-CD46-480C-B73A-A9A4E390D2FA}.Ad-Hoc|x86.Build.0 = Debug|x86
		{42CDB08E-CD46-480C-B73A-A9A4E390D2FA}.Ad-Hoc|x86.Deploy.0 = Debug|x86
		{42CDB08E-CD46-480C-B73A-A9A4E390D2FA}.AppStore|Any CPU.ActiveCfg = Debug|x86
		{42CDB08E-CD46-480C-B73A-A9A4E390D2FA}.AppStore|Any CPU.Build.0 = Debug|x86
		{42CDB08E-CD46-480C-B73A-A9A4E390D2FA}.AppStore|Any CPU.Deploy.0 = Debug|x86
		{42CDB08E-CD46-480C-B73A-A9A4E390D2FA}.AppStore|ARM.ActiveCfg = Debug|ARM
		{42CDB08E-CD46-480C-B73A-A9A4E390D2FA}.AppStore|ARM.Build.0 = Debug|ARM
		{42CDB08E-CD46-480C-B73A-A9A4E390D2FA}.AppStore|ARM.Deploy.0 = Debug|ARM
		{42CDB08E-CD46-480C-B73A-A9A4E390D2FA}.AppStore|ARM64.ActiveCfg = Debug|ARM64
		{42CDB08E-CD46-480C-B73A-A9A4E390D2FA}.AppStore|ARM64.Build.0 = Debug|ARM64
		{42CDB08E-CD46-480C-B73A-A9A4E390D2FA}.AppStore|ARM64.Deploy.0 = Debug|ARM64
		{42CDB08E-CD46-480C-B73A-A9A4E390D2FA}.AppStore|iPhone.ActiveCfg = Debug|x86
		{42CDB08E-CD46-480C-B73A-A9A4E390D2FA}.AppStore|iPhone.Build.0 = Debug|x86
		{42CDB08E-CD46-480C-B73A-A9A4E390D2FA}.AppStore|iPhone.Deploy.0 = Debug|x86
		{42CDB08E-CD46-480C-B73A-A9A4E390D2FA}.AppStore|iPhoneSimulator.ActiveCfg = Debug|x86
		{42CDB08E-CD46-480C-B73A-A9A4E390D2FA}.AppStore|iPhoneSimulator.Build.0 = Debug|x86
		{42CDB08E-CD46-480C-B73A-A9A4E390D2FA}.AppStore|iPhoneSimulator.Deploy.0 = Debug|x86
		{42CDB08E-CD46-480C-B73A-A9A4E390D2FA}.AppStore|x64.ActiveCfg = Debug|x64
		{42CDB08E-CD46-480C-B73A-A9A4E390D2FA}.AppStore|x64.Build.0 = Debug|x64
		{42CDB08E-CD46-480C-B73A-A9A4E390D2FA}.AppStore|x64.Deploy.0 = Debug|x64
		{42CDB08E-CD46-480C-B73A-A9A4E390D2FA}.AppStore|x86.ActiveCfg = Debug|x86
		{42CDB08E-CD46-480C-B73A-A9A4E390D2FA}.AppStore|x86.Build.0 = Debug|x86
		{42CDB08E-CD46-480C-B73A-A9A4E390D2FA}.AppStore|x86.Deploy.0 = Debug|x86
		{42CDB08E-CD46-480C-B73A-A9A4E390D2FA}.Debug|Any CPU.ActiveCfg = Debug|x86
		{42CDB08E-CD46-480C-B73A-A9A4E390D2FA}.Debug|Any CPU.Build.0 = Debug|x86
		{42CDB08E-CD46-480C-B73A-A9A4E390D2FA}.Debug|Any CPU.Deploy.0 = Debug|x86
		{42CDB08E-CD46-480C-B73A-A9A4E390D2FA}.Debug|ARM.ActiveCfg = Debug|ARM
		{42CDB08E-CD46-480C-B73A-A9A4E390D2FA}.Debug|ARM.Build.0 = Debug|ARM
		{42CDB08E-CD46-480C-B73A-A9A4E390D2FA}.Debug|ARM.Deploy.0 = Debug|ARM
		{42CDB08E-CD46-480C-B73A-A9A4E390D2FA}.Debug|ARM64.ActiveCfg = Debug|ARM64
		{42CDB08E-CD46-480C-B73A-A9A4E390D2FA}.Debug|ARM64.Build.0 = Debug|ARM64
		{42CDB08E-CD46-480C-B73A-A9A4E390D2FA}.Debug|ARM64.Deploy.0 = Debug|ARM64
		{42CDB08E-CD46-480C-B73A-A9A4E390D2FA}.Debug|iPhone.ActiveCfg = Debug|x86
		{42CDB08E-CD46-480C-B73A-A9A4E390D2FA}.Debug|iPhoneSimulator.ActiveCfg = Debug|x86
		{42CDB08E-CD46-480C-B73A-A9A4E390D2FA}.Debug|x64.ActiveCfg = Debug|x64
		{42CDB08E-CD46-480C-B73A-A9A4E390D2FA}.Debug|x64.Build.0 = Debug|x64
		{42CDB08E-CD46-480C-B73A-A9A4E390D2FA}.Debug|x64.Deploy.0 = Debug|x64
		{42CDB08E-CD46-480C-B73A-A9A4E390D2FA}.Debug|x86.ActiveCfg = Debug|x86
		{42CDB08E-CD46-480C-B73A-A9A4E390D2FA}.Debug|x86.Build.0 = Debug|x86
		{42CDB08E-CD46-480C-B73A-A9A4E390D2FA}.Debug|x86.Deploy.0 = Debug|x86
		{42CDB08E-CD46-480C-B73A-A9A4E390D2FA}.Release|Any CPU.ActiveCfg = Release|x86
		{42CDB08E-CD46-480C-B73A-A9A4E390D2FA}.Release|ARM.ActiveCfg = Release|ARM
		{42CDB08E-CD46-480C-B73A-A9A4E390D2FA}.Release|ARM.Build.0 = Release|ARM
		{42CDB08E-CD46-480C-B73A-A9A4E390D2FA}.Release|ARM.Deploy.0 = Release|ARM
		{42CDB08E-CD46-480C-B73A-A9A4E390D2FA}.Release|ARM64.ActiveCfg = Release|ARM64
		{42CDB08E-CD46-480C-B73A-A9A4E390D2FA}.Release|ARM64.Build.0 = Release|ARM64
		{42CDB08E-CD46-480C-B73A-A9A4E390D2FA}.Release|ARM64.Deploy.0 = Release|ARM64
		{42CDB08E-CD46-480C-B73A-A9A4E390D2FA}.Release|iPhone.ActiveCfg = Release|x86
		{42CDB08E-CD46-480C-B73A-A9A4E390D2FA}.Release|iPhoneSimulator.ActiveCfg = Release|x86
		{42CDB08E-CD46-480C-B73A-A9A4E390D2FA}.Release|x64.ActiveCfg = Release|x64
		{42CDB08E-CD46-480C-B73A-A9A4E390D2FA}.Release|x64.Build.0 = Release|x64
		{42CDB08E-CD46-480C-B73A-A9A4E390D2FA}.Release|x64.Deploy.0 = Release|x64
		{42CDB08E-CD46-480C-B73A-A9A4E390D2FA}.Release|x86.ActiveCfg = Release|x86
		{42CDB08E-CD46-480C-B73A-A9A4E390D2FA}.Release|x86.Build.0 = Release|x86
		{42CDB08E-CD46-480C-B73A-A9A4E390D2FA}.Release|x86.Deploy.0 = Release|x86
		{0E32E1C0-A94E-456B-9145-006E4152777C}.Ad-Hoc|Any CPU.ActiveCfg = Debug|Any CPU
		{0E32E1C0-A94E-456B-9145-006E4152777C}.Ad-Hoc|Any CPU.Build.0 = Debug|Any CPU
		{0E32E1C0-A94E-456B-9145-006E4152777C}.Ad-Hoc|ARM.ActiveCfg = Debug|Any CPU
		{0E32E1C0-A94E-456B-9145-006E4152777C}.Ad-Hoc|ARM.Build.0 = Debug|Any CPU
		{0E32E1C0-A94E-456B-9145-006E4152777C}.Ad-Hoc|ARM64.ActiveCfg = Debug|Any CPU
		{0E32E1C0-A94E-456B-9145-006E4152777C}.Ad-Hoc|ARM64.Build.0 = Debug|Any CPU
		{0E32E1C0-A94E-456B-9145-006E4152777C}.Ad-Hoc|iPhone.ActiveCfg = Debug|Any CPU
		{0E32E1C0-A94E-456B-9145-006E4152777C}.Ad-Hoc|iPhone.Build.0 = Debug|Any CPU
		{0E32E1C0-A94E-456B-9145-006E4152777C}.Ad-Hoc|iPhoneSimulator.ActiveCfg = Debug|Any CPU
		{0E32E1C0-A94E-456B-9145-006E4152777C}.Ad-Hoc|iPhoneSimulator.Build.0 = Debug|Any CPU
		{0E32E1C0-A94E-456B-9145-006E4152777C}.Ad-Hoc|x64.ActiveCfg = Debug|Any CPU
		{0E32E1C0-A94E-456B-9145-006E4152777C}.Ad-Hoc|x64.Build.0 = Debug|Any CPU
		{0E32E1C0-A94E-456B-9145-006E4152777C}.Ad-Hoc|x86.ActiveCfg = Debug|Any CPU
		{0E32E1C0-A94E-456B-9145-006E4152777C}.Ad-Hoc|x86.Build.0 = Debug|Any CPU
		{0E32E1C0-A94E-456B-9145-006E4152777C}.AppStore|Any CPU.ActiveCfg = Debug|Any CPU
		{0E32E1C0-A94E-456B-9145-006E4152777C}.AppStore|Any CPU.Build.0 = Debug|Any CPU
		{0E32E1C0-A94E-456B-9145-006E4152777C}.AppStore|ARM.ActiveCfg = Debug|Any CPU
		{0E32E1C0-A94E-456B-9145-006E4152777C}.AppStore|ARM.Build.0 = Debug|Any CPU
		{0E32E1C0-A94E-456B-9145-006E4152777C}.AppStore|ARM64.ActiveCfg = Debug|Any CPU
		{0E32E1C0-A94E-456B-9145-006E4152777C}.AppStore|ARM64.Build.0 = Debug|Any CPU
		{0E32E1C0-A94E-456B-9145-006E4152777C}.AppStore|iPhone.ActiveCfg = Debug|Any CPU
		{0E32E1C0-A94E-456B-9145-006E4152777C}.AppStore|iPhone.Build.0 = Debug|Any CPU
		{0E32E1C0-A94E-456B-9145-006E4152777C}.AppStore|iPhoneSimulator.ActiveCfg = Debug|Any CPU
		{0E32E1C0-A94E-456B-9145-006E4152777C}.AppStore|iPhoneSimulator.Build.0 = Debug|Any CPU
		{0E32E1C0-A94E-456B-9145-006E4152777C}.AppStore|x64.ActiveCfg = Debug|Any CPU
		{0E32E1C0-A94E-456B-9145-006E4152777C}.AppStore|x64.Build.0 = Debug|Any CPU
		{0E32E1C0-A94E-456B-9145-006E4152777C}.AppStore|x86.ActiveCfg = Debug|Any CPU
		{0E32E1C0-A94E-456B-9145-006E4152777C}.AppStore|x86.Build.0 = Debug|Any CPU
		{0E32E1C0-A94E-456B-9145-006E4152777C}.Debug|Any CPU.ActiveCfg = Debug|Any CPU
		{0E32E1C0-A94E-456B-9145-006E4152777C}.Debug|Any CPU.Build.0 = Debug|Any CPU
		{0E32E1C0-A94E-456B-9145-006E4152777C}.Debug|ARM.ActiveCfg = Debug|Any CPU
		{0E32E1C0-A94E-456B-9145-006E4152777C}.Debug|ARM.Build.0 = Debug|Any CPU
		{0E32E1C0-A94E-456B-9145-006E4152777C}.Debug|ARM64.ActiveCfg = Debug|Any CPU
		{0E32E1C0-A94E-456B-9145-006E4152777C}.Debug|ARM64.Build.0 = Debug|Any CPU
		{0E32E1C0-A94E-456B-9145-006E4152777C}.Debug|iPhone.ActiveCfg = Debug|Any CPU
		{0E32E1C0-A94E-456B-9145-006E4152777C}.Debug|iPhone.Build.0 = Debug|Any CPU
		{0E32E1C0-A94E-456B-9145-006E4152777C}.Debug|iPhoneSimulator.ActiveCfg = Debug|Any CPU
		{0E32E1C0-A94E-456B-9145-006E4152777C}.Debug|iPhoneSimulator.Build.0 = Debug|Any CPU
		{0E32E1C0-A94E-456B-9145-006E4152777C}.Debug|x64.ActiveCfg = Debug|Any CPU
		{0E32E1C0-A94E-456B-9145-006E4152777C}.Debug|x64.Build.0 = Debug|Any CPU
		{0E32E1C0-A94E-456B-9145-006E4152777C}.Debug|x86.ActiveCfg = Debug|Any CPU
		{0E32E1C0-A94E-456B-9145-006E4152777C}.Debug|x86.Build.0 = Debug|Any CPU
		{0E32E1C0-A94E-456B-9145-006E4152777C}.Release|Any CPU.ActiveCfg = Release|Any CPU
		{0E32E1C0-A94E-456B-9145-006E4152777C}.Release|Any CPU.Build.0 = Release|Any CPU
		{0E32E1C0-A94E-456B-9145-006E4152777C}.Release|ARM.ActiveCfg = Release|Any CPU
		{0E32E1C0-A94E-456B-9145-006E4152777C}.Release|ARM.Build.0 = Release|Any CPU
		{0E32E1C0-A94E-456B-9145-006E4152777C}.Release|ARM64.ActiveCfg = Release|Any CPU
		{0E32E1C0-A94E-456B-9145-006E4152777C}.Release|ARM64.Build.0 = Release|Any CPU
		{0E32E1C0-A94E-456B-9145-006E4152777C}.Release|iPhone.ActiveCfg = Release|Any CPU
		{0E32E1C0-A94E-456B-9145-006E4152777C}.Release|iPhone.Build.0 = Release|Any CPU
		{0E32E1C0-A94E-456B-9145-006E4152777C}.Release|iPhoneSimulator.ActiveCfg = Release|Any CPU
		{0E32E1C0-A94E-456B-9145-006E4152777C}.Release|iPhoneSimulator.Build.0 = Release|Any CPU
		{0E32E1C0-A94E-456B-9145-006E4152777C}.Release|x64.ActiveCfg = Release|Any CPU
		{0E32E1C0-A94E-456B-9145-006E4152777C}.Release|x64.Build.0 = Release|Any CPU
		{0E32E1C0-A94E-456B-9145-006E4152777C}.Release|x86.ActiveCfg = Release|Any CPU
		{0E32E1C0-A94E-456B-9145-006E4152777C}.Release|x86.Build.0 = Release|Any CPU
		{AEB51B4F-8442-4D4C-82EC-D8F7B2014F47}.Ad-Hoc|Any CPU.ActiveCfg = Debug|Any CPU
		{AEB51B4F-8442-4D4C-82EC-D8F7B2014F47}.Ad-Hoc|Any CPU.Build.0 = Debug|Any CPU
		{AEB51B4F-8442-4D4C-82EC-D8F7B2014F47}.Ad-Hoc|ARM.ActiveCfg = Debug|Any CPU
		{AEB51B4F-8442-4D4C-82EC-D8F7B2014F47}.Ad-Hoc|ARM.Build.0 = Debug|Any CPU
		{AEB51B4F-8442-4D4C-82EC-D8F7B2014F47}.Ad-Hoc|ARM64.ActiveCfg = Debug|Any CPU
		{AEB51B4F-8442-4D4C-82EC-D8F7B2014F47}.Ad-Hoc|ARM64.Build.0 = Debug|Any CPU
		{AEB51B4F-8442-4D4C-82EC-D8F7B2014F47}.Ad-Hoc|iPhone.ActiveCfg = Debug|Any CPU
		{AEB51B4F-8442-4D4C-82EC-D8F7B2014F47}.Ad-Hoc|iPhone.Build.0 = Debug|Any CPU
		{AEB51B4F-8442-4D4C-82EC-D8F7B2014F47}.Ad-Hoc|iPhoneSimulator.ActiveCfg = Debug|Any CPU
		{AEB51B4F-8442-4D4C-82EC-D8F7B2014F47}.Ad-Hoc|iPhoneSimulator.Build.0 = Debug|Any CPU
		{AEB51B4F-8442-4D4C-82EC-D8F7B2014F47}.Ad-Hoc|x64.ActiveCfg = Debug|Any CPU
		{AEB51B4F-8442-4D4C-82EC-D8F7B2014F47}.Ad-Hoc|x64.Build.0 = Debug|Any CPU
		{AEB51B4F-8442-4D4C-82EC-D8F7B2014F47}.Ad-Hoc|x86.ActiveCfg = Debug|Any CPU
		{AEB51B4F-8442-4D4C-82EC-D8F7B2014F47}.Ad-Hoc|x86.Build.0 = Debug|Any CPU
		{AEB51B4F-8442-4D4C-82EC-D8F7B2014F47}.AppStore|Any CPU.ActiveCfg = Debug|Any CPU
		{AEB51B4F-8442-4D4C-82EC-D8F7B2014F47}.AppStore|Any CPU.Build.0 = Debug|Any CPU
		{AEB51B4F-8442-4D4C-82EC-D8F7B2014F47}.AppStore|ARM.ActiveCfg = Debug|Any CPU
		{AEB51B4F-8442-4D4C-82EC-D8F7B2014F47}.AppStore|ARM.Build.0 = Debug|Any CPU
		{AEB51B4F-8442-4D4C-82EC-D8F7B2014F47}.AppStore|ARM64.ActiveCfg = Debug|Any CPU
		{AEB51B4F-8442-4D4C-82EC-D8F7B2014F47}.AppStore|ARM64.Build.0 = Debug|Any CPU
		{AEB51B4F-8442-4D4C-82EC-D8F7B2014F47}.AppStore|iPhone.ActiveCfg = Debug|Any CPU
		{AEB51B4F-8442-4D4C-82EC-D8F7B2014F47}.AppStore|iPhone.Build.0 = Debug|Any CPU
		{AEB51B4F-8442-4D4C-82EC-D8F7B2014F47}.AppStore|iPhoneSimulator.ActiveCfg = Debug|Any CPU
		{AEB51B4F-8442-4D4C-82EC-D8F7B2014F47}.AppStore|iPhoneSimulator.Build.0 = Debug|Any CPU
		{AEB51B4F-8442-4D4C-82EC-D8F7B2014F47}.AppStore|x64.ActiveCfg = Debug|Any CPU
		{AEB51B4F-8442-4D4C-82EC-D8F7B2014F47}.AppStore|x64.Build.0 = Debug|Any CPU
		{AEB51B4F-8442-4D4C-82EC-D8F7B2014F47}.AppStore|x86.ActiveCfg = Debug|Any CPU
		{AEB51B4F-8442-4D4C-82EC-D8F7B2014F47}.AppStore|x86.Build.0 = Debug|Any CPU
		{AEB51B4F-8442-4D4C-82EC-D8F7B2014F47}.Debug|Any CPU.ActiveCfg = Debug|Any CPU
		{AEB51B4F-8442-4D4C-82EC-D8F7B2014F47}.Debug|Any CPU.Build.0 = Debug|Any CPU
		{AEB51B4F-8442-4D4C-82EC-D8F7B2014F47}.Debug|ARM.ActiveCfg = Debug|Any CPU
		{AEB51B4F-8442-4D4C-82EC-D8F7B2014F47}.Debug|ARM.Build.0 = Debug|Any CPU
		{AEB51B4F-8442-4D4C-82EC-D8F7B2014F47}.Debug|ARM64.ActiveCfg = Debug|Any CPU
		{AEB51B4F-8442-4D4C-82EC-D8F7B2014F47}.Debug|ARM64.Build.0 = Debug|Any CPU
		{AEB51B4F-8442-4D4C-82EC-D8F7B2014F47}.Debug|iPhone.ActiveCfg = Debug|Any CPU
		{AEB51B4F-8442-4D4C-82EC-D8F7B2014F47}.Debug|iPhone.Build.0 = Debug|Any CPU
		{AEB51B4F-8442-4D4C-82EC-D8F7B2014F47}.Debug|iPhoneSimulator.ActiveCfg = Debug|Any CPU
		{AEB51B4F-8442-4D4C-82EC-D8F7B2014F47}.Debug|iPhoneSimulator.Build.0 = Debug|Any CPU
		{AEB51B4F-8442-4D4C-82EC-D8F7B2014F47}.Debug|x64.ActiveCfg = Debug|Any CPU
		{AEB51B4F-8442-4D4C-82EC-D8F7B2014F47}.Debug|x64.Build.0 = Debug|Any CPU
		{AEB51B4F-8442-4D4C-82EC-D8F7B2014F47}.Debug|x86.ActiveCfg = Debug|Any CPU
		{AEB51B4F-8442-4D4C-82EC-D8F7B2014F47}.Debug|x86.Build.0 = Debug|Any CPU
		{AEB51B4F-8442-4D4C-82EC-D8F7B2014F47}.Release|Any CPU.ActiveCfg = Release|Any CPU
		{AEB51B4F-8442-4D4C-82EC-D8F7B2014F47}.Release|Any CPU.Build.0 = Release|Any CPU
		{AEB51B4F-8442-4D4C-82EC-D8F7B2014F47}.Release|ARM.ActiveCfg = Release|Any CPU
		{AEB51B4F-8442-4D4C-82EC-D8F7B2014F47}.Release|ARM.Build.0 = Release|Any CPU
		{AEB51B4F-8442-4D4C-82EC-D8F7B2014F47}.Release|ARM64.ActiveCfg = Release|Any CPU
		{AEB51B4F-8442-4D4C-82EC-D8F7B2014F47}.Release|ARM64.Build.0 = Release|Any CPU
		{AEB51B4F-8442-4D4C-82EC-D8F7B2014F47}.Release|iPhone.ActiveCfg = Release|Any CPU
		{AEB51B4F-8442-4D4C-82EC-D8F7B2014F47}.Release|iPhone.Build.0 = Release|Any CPU
		{AEB51B4F-8442-4D4C-82EC-D8F7B2014F47}.Release|iPhoneSimulator.ActiveCfg = Release|Any CPU
		{AEB51B4F-8442-4D4C-82EC-D8F7B2014F47}.Release|iPhoneSimulator.Build.0 = Release|Any CPU
		{AEB51B4F-8442-4D4C-82EC-D8F7B2014F47}.Release|x64.ActiveCfg = Release|Any CPU
		{AEB51B4F-8442-4D4C-82EC-D8F7B2014F47}.Release|x64.Build.0 = Release|Any CPU
		{AEB51B4F-8442-4D4C-82EC-D8F7B2014F47}.Release|x86.ActiveCfg = Release|Any CPU
		{AEB51B4F-8442-4D4C-82EC-D8F7B2014F47}.Release|x86.Build.0 = Release|Any CPU
	EndGlobalSection
	GlobalSection(SolutionProperties) = preSolution
		HideSolutionNode = FALSE
	EndGlobalSection
	GlobalSection(NestedProjects) = preSolution
		{EEB57F9E-6F8D-449B-B42B-7DD37CD72B9C} = {680CC048-B990-4A05-8633-0131B5E7F26D}
		{42CDB08E-CD46-480C-B73A-A9A4E390D2FA} = {680CC048-B990-4A05-8633-0131B5E7F26D}
		{0E32E1C0-A94E-456B-9145-006E4152777C} = {680CC048-B990-4A05-8633-0131B5E7F26D}
		{AEB51B4F-8442-4D4C-82EC-D8F7B2014F47} = {680CC048-B990-4A05-8633-0131B5E7F26D}
	EndGlobalSection
	GlobalSection(ExtensibilityGlobals) = postSolution
		SolutionGuid = {D941A66E-B843-4DDA-B474-0CACAE55FF61}
	EndGlobalSection
EndGlobal
