
Microsoft Visual Studio Solution File, Format Version 12.00
# Visual Studio Version 16
VisualStudioVersion = 16.0.30804.86
MinimumVisualStudioVersion = 10.0.40219.1
Project("{FAE04EC0-301F-11D3-BF4B-00C04F79EFBC}") = "Test.UWP", "Test.UWP\Test.UWP.csproj", "{282408CE-7CA7-44A9-899E-DFE4C0828474}"
EndProject
Project("{FAE04EC0-301F-11D3-BF4B-00C04F79EFBC}") = "Test.Android", "Test.Android\Test.Android.csproj", "{77A809B7-37D9-40FE-9AEF-D5780F060FEF}"
EndProject
Project("{FAE04EC0-301F-11D3-BF4B-00C04F79EFBC}") = "Test.iOS", "Test.iOS\Test.iOS.csproj", "{2CE2E1D9-828E-4297-AAD7-863071A3012E}"
EndProject
Project("{9A19103F-16F7-4668-BE54-9A1E7A4F7556}") = "Test", "Test\Test.csproj", "{8E9B3C35-5702-426D-B6E6-8BE339894E67}"
EndProject
Project("{2150E333-8FDC-42A3-9474-1A3956D46DE8}") = "Solution Items", "Solution Items", "{437DB729-7E7A-41E7-A6EB-8918A35AF76B}"
	ProjectSection(SolutionItems) = preProject
		.editorconfig = .editorconfig
		ReadMe.md = ReadMe.md
	EndProjectSection
EndProject
Project("{FAE04EC0-301F-11D3-BF4B-00C04F79EFBC}") = "Test.GTK", "Test.GTK\Test.GTK.csproj", "{8EB9EA9A-91EC-4801-9075-16656786ECDB}"
EndProject
Global
	GlobalSection(SolutionConfigurationPlatforms) = preSolution
		Debug|Any CPU = Debug|Any CPU
		Debug|ARM = Debug|ARM
		Debug|iPhone = Debug|iPhone
		Debug|iPhoneSimulator = Debug|iPhoneSimulator
		Debug|x64 = Debug|x64
		Debug|x86 = Debug|x86
		Release|Any CPU = Release|Any CPU
		Release|ARM = Release|ARM
		Release|iPhone = Release|iPhone
		Release|iPhoneSimulator = Release|iPhoneSimulator
		Release|x64 = Release|x64
		Release|x86 = Release|x86
	EndGlobalSection
	GlobalSection(ProjectConfigurationPlatforms) = postSolution
		{282408CE-7CA7-44A9-899E-DFE4C0828474}.Debug|Any CPU.ActiveCfg = Debug|x86
		{282408CE-7CA7-44A9-899E-DFE4C0828474}.Debug|Any CPU.Build.0 = Debug|x86
		{282408CE-7CA7-44A9-899E-DFE4C0828474}.Debug|Any CPU.Deploy.0 = Debug|x86
		{282408CE-7CA7-44A9-899E-DFE4C0828474}.Debug|ARM.ActiveCfg = Debug|ARM
		{282408CE-7CA7-44A9-899E-DFE4C0828474}.Debug|ARM.Build.0 = Debug|ARM
		{282408CE-7CA7-44A9-899E-DFE4C0828474}.Debug|ARM.Deploy.0 = Debug|ARM
		{282408CE-7CA7-44A9-899E-DFE4C0828474}.Debug|iPhone.ActiveCfg = Debug|x86
		{282408CE-7CA7-44A9-899E-DFE4C0828474}.Debug|iPhone.Build.0 = Debug|x86
		{282408CE-7CA7-44A9-899E-DFE4C0828474}.Debug|iPhone.Deploy.0 = Debug|x86
		{282408CE-7CA7-44A9-899E-DFE4C0828474}.Debug|iPhoneSimulator.ActiveCfg = Debug|x86
		{282408CE-7CA7-44A9-899E-DFE4C0828474}.Debug|iPhoneSimulator.Build.0 = Debug|x86
		{282408CE-7CA7-44A9-899E-DFE4C0828474}.Debug|iPhoneSimulator.Deploy.0 = Debug|x86
		{282408CE-7CA7-44A9-899E-DFE4C0828474}.Debug|x64.ActiveCfg = Debug|x64
		{282408CE-7CA7-44A9-899E-DFE4C0828474}.Debug|x64.Build.0 = Debug|x64
		{282408CE-7CA7-44A9-899E-DFE4C0828474}.Debug|x64.Deploy.0 = Debug|x64
		{282408CE-7CA7-44A9-899E-DFE4C0828474}.Debug|x86.ActiveCfg = Debug|x86
		{282408CE-7CA7-44A9-899E-DFE4C0828474}.Debug|x86.Build.0 = Debug|x86
		{282408CE-7CA7-44A9-899E-DFE4C0828474}.Debug|x86.Deploy.0 = Debug|x86
		{282408CE-7CA7-44A9-899E-DFE4C0828474}.Release|Any CPU.ActiveCfg = Release|x86
		{282408CE-7CA7-44A9-899E-DFE4C0828474}.Release|Any CPU.Build.0 = Release|x86
		{282408CE-7CA7-44A9-899E-DFE4C0828474}.Release|Any CPU.Deploy.0 = Release|x86
		{282408CE-7CA7-44A9-899E-DFE4C0828474}.Release|ARM.ActiveCfg = Release|ARM
		{282408CE-7CA7-44A9-899E-DFE4C0828474}.Release|ARM.Build.0 = Release|ARM
		{282408CE-7CA7-44A9-899E-DFE4C0828474}.Release|ARM.Deploy.0 = Release|ARM
		{282408CE-7CA7-44A9-899E-DFE4C0828474}.Release|iPhone.ActiveCfg = Release|x86
		{282408CE-7CA7-44A9-899E-DFE4C0828474}.Release|iPhone.Build.0 = Release|x86
		{282408CE-7CA7-44A9-899E-DFE4C0828474}.Release|iPhone.Deploy.0 = Release|x86
		{282408CE-7CA7-44A9-899E-DFE4C0828474}.Release|iPhoneSimulator.ActiveCfg = Release|x86
		{282408CE-7CA7-44A9-899E-DFE4C0828474}.Release|iPhoneSimulator.Build.0 = Release|x86
		{282408CE-7CA7-44A9-899E-DFE4C0828474}.Release|iPhoneSimulator.Deploy.0 = Release|x86
		{282408CE-7CA7-44A9-899E-DFE4C0828474}.Release|x64.ActiveCfg = Release|x64
		{282408CE-7CA7-44A9-899E-DFE4C0828474}.Release|x64.Build.0 = Release|x64
		{282408CE-7CA7-44A9-899E-DFE4C0828474}.Release|x64.Deploy.0 = Release|x64
		{282408CE-7CA7-44A9-899E-DFE4C0828474}.Release|x86.ActiveCfg = Release|x86
		{282408CE-7CA7-44A9-899E-DFE4C0828474}.Release|x86.Build.0 = Release|x86
		{282408CE-7CA7-44A9-899E-DFE4C0828474}.Release|x86.Deploy.0 = Release|x86
		{77A809B7-37D9-40FE-9AEF-D5780F060FEF}.Debug|Any CPU.ActiveCfg = Debug|Any CPU
		{77A809B7-37D9-40FE-9AEF-D5780F060FEF}.Debug|Any CPU.Build.0 = Debug|Any CPU
		{77A809B7-37D9-40FE-9AEF-D5780F060FEF}.Debug|Any CPU.Deploy.0 = Debug|Any CPU
		{77A809B7-37D9-40FE-9AEF-D5780F060FEF}.Debug|ARM.ActiveCfg = Debug|Any CPU
		{77A809B7-37D9-40FE-9AEF-D5780F060FEF}.Debug|ARM.Build.0 = Debug|Any CPU
		{77A809B7-37D9-40FE-9AEF-D5780F060FEF}.Debug|ARM.Deploy.0 = Debug|Any CPU
		{77A809B7-37D9-40FE-9AEF-D5780F060FEF}.Debug|iPhone.ActiveCfg = Debug|Any CPU
		{77A809B7-37D9-40FE-9AEF-D5780F060FEF}.Debug|iPhone.Build.0 = Debug|Any CPU
		{77A809B7-37D9-40FE-9AEF-D5780F060FEF}.Debug|iPhone.Deploy.0 = Debug|Any CPU
		{77A809B7-37D9-40FE-9AEF-D5780F060FEF}.Debug|iPhoneSimulator.ActiveCfg = Debug|Any CPU
		{77A809B7-37D9-40FE-9AEF-D5780F060FEF}.Debug|iPhoneSimulator.Build.0 = Debug|Any CPU
		{77A809B7-37D9-40FE-9AEF-D5780F060FEF}.Debug|iPhoneSimulator.Deploy.0 = Debug|Any CPU
		{77A809B7-37D9-40FE-9AEF-D5780F060FEF}.Debug|x64.ActiveCfg = Debug|Any CPU
		{77A809B7-37D9-40FE-9AEF-D5780F060FEF}.Debug|x64.Build.0 = Debug|Any CPU
		{77A809B7-37D9-40FE-9AEF-D5780F060FEF}.Debug|x64.Deploy.0 = Debug|Any CPU
		{77A809B7-37D9-40FE-9AEF-D5780F060FEF}.Debug|x86.ActiveCfg = Debug|Any CPU
		{77A809B7-37D9-40FE-9AEF-D5780F060FEF}.Debug|x86.Build.0 = Debug|Any CPU
		{77A809B7-37D9-40FE-9AEF-D5780F060FEF}.Debug|x86.Deploy.0 = Debug|Any CPU
		{77A809B7-37D9-40FE-9AEF-D5780F060FEF}.Release|Any CPU.ActiveCfg = Release|Any CPU
		{77A809B7-37D9-40FE-9AEF-D5780F060FEF}.Release|Any CPU.Build.0 = Release|Any CPU
		{77A809B7-37D9-40FE-9AEF-D5780F060FEF}.Release|Any CPU.Deploy.0 = Release|Any CPU
		{77A809B7-37D9-40FE-9AEF-D5780F060FEF}.Release|ARM.ActiveCfg = Release|Any CPU
		{77A809B7-37D9-40FE-9AEF-D5780F060FEF}.Release|ARM.Build.0 = Release|Any CPU
		{77A809B7-37D9-40FE-9AEF-D5780F060FEF}.Release|ARM.Deploy.0 = Release|Any CPU
		{77A809B7-37D9-40FE-9AEF-D5780F060FEF}.Release|iPhone.ActiveCfg = Release|Any CPU
		{77A809B7-37D9-40FE-9AEF-D5780F060FEF}.Release|iPhone.Build.0 = Release|Any CPU
		{77A809B7-37D9-40FE-9AEF-D5780F060FEF}.Release|iPhone.Deploy.0 = Release|Any CPU
		{77A809B7-37D9-40FE-9AEF-D5780F060FEF}.Release|iPhoneSimulator.ActiveCfg = Release|Any CPU
		{77A809B7-37D9-40FE-9AEF-D5780F060FEF}.Release|iPhoneSimulator.Build.0 = Release|Any CPU
		{77A809B7-37D9-40FE-9AEF-D5780F060FEF}.Release|iPhoneSimulator.Deploy.0 = Release|Any CPU
		{77A809B7-37D9-40FE-9AEF-D5780F060FEF}.Release|x64.ActiveCfg = Release|Any CPU
		{77A809B7-37D9-40FE-9AEF-D5780F060FEF}.Release|x64.Build.0 = Release|Any CPU
		{77A809B7-37D9-40FE-9AEF-D5780F060FEF}.Release|x64.Deploy.0 = Release|Any CPU
		{77A809B7-37D9-40FE-9AEF-D5780F060FEF}.Release|x86.ActiveCfg = Release|Any CPU
		{77A809B7-37D9-40FE-9AEF-D5780F060FEF}.Release|x86.Build.0 = Release|Any CPU
		{77A809B7-37D9-40FE-9AEF-D5780F060FEF}.Release|x86.Deploy.0 = Release|Any CPU
		{2CE2E1D9-828E-4297-AAD7-863071A3012E}.Debug|Any CPU.ActiveCfg = Debug|iPhoneSimulator
		{2CE2E1D9-828E-4297-AAD7-863071A3012E}.Debug|Any CPU.Build.0 = Debug|iPhoneSimulator
		{2CE2E1D9-828E-4297-AAD7-863071A3012E}.Debug|Any CPU.Deploy.0 = Debug|iPhoneSimulator
		{2CE2E1D9-828E-4297-AAD7-863071A3012E}.Debug|ARM.ActiveCfg = Debug|iPhone
		{2CE2E1D9-828E-4297-AAD7-863071A3012E}.Debug|ARM.Build.0 = Debug|iPhone
		{2CE2E1D9-828E-4297-AAD7-863071A3012E}.Debug|ARM.Deploy.0 = Debug|iPhone
		{2CE2E1D9-828E-4297-AAD7-863071A3012E}.Debug|iPhone.ActiveCfg = Debug|iPhone
		{2CE2E1D9-828E-4297-AAD7-863071A3012E}.Debug|iPhone.Build.0 = Debug|iPhone
		{2CE2E1D9-828E-4297-AAD7-863071A3012E}.Debug|iPhone.Deploy.0 = Debug|iPhone
		{2CE2E1D9-828E-4297-AAD7-863071A3012E}.Debug|iPhoneSimulator.ActiveCfg = Debug|iPhoneSimulator
		{2CE2E1D9-828E-4297-AAD7-863071A3012E}.Debug|iPhoneSimulator.Build.0 = Debug|iPhoneSimulator
		{2CE2E1D9-828E-4297-AAD7-863071A3012E}.Debug|iPhoneSimulator.Deploy.0 = Debug|iPhoneSimulator
		{2CE2E1D9-828E-4297-AAD7-863071A3012E}.Debug|x64.ActiveCfg = Debug|iPhoneSimulator
		{2CE2E1D9-828E-4297-AAD7-863071A3012E}.Debug|x64.Build.0 = Debug|iPhoneSimulator
		{2CE2E1D9-828E-4297-AAD7-863071A3012E}.Debug|x64.Deploy.0 = Debug|iPhoneSimulator
		{2CE2E1D9-828E-4297-AAD7-863071A3012E}.Debug|x86.ActiveCfg = Debug|iPhoneSimulator
		{2CE2E1D9-828E-4297-AAD7-863071A3012E}.Debug|x86.Build.0 = Debug|iPhoneSimulator
		{2CE2E1D9-828E-4297-AAD7-863071A3012E}.Debug|x86.Deploy.0 = Debug|iPhoneSimulator
		{2CE2E1D9-828E-4297-AAD7-863071A3012E}.Release|Any CPU.ActiveCfg = Release|iPhoneSimulator
		{2CE2E1D9-828E-4297-AAD7-863071A3012E}.Release|Any CPU.Build.0 = Release|iPhoneSimulator
		{2CE2E1D9-828E-4297-AAD7-863071A3012E}.Release|Any CPU.Deploy.0 = Release|iPhoneSimulator
		{2CE2E1D9-828E-4297-AAD7-863071A3012E}.Release|ARM.ActiveCfg = Release|iPhoneSimulator
		{2CE2E1D9-828E-4297-AAD7-863071A3012E}.Release|ARM.Build.0 = Release|iPhoneSimulator
		{2CE2E1D9-828E-4297-AAD7-863071A3012E}.Release|ARM.Deploy.0 = Release|iPhoneSimulator
		{2CE2E1D9-828E-4297-AAD7-863071A3012E}.Release|iPhone.ActiveCfg = Release|iPhone
		{2CE2E1D9-828E-4297-AAD7-863071A3012E}.Release|iPhone.Build.0 = Release|iPhone
		{2CE2E1D9-828E-4297-AAD7-863071A3012E}.Release|iPhone.Deploy.0 = Release|iPhone
		{2CE2E1D9-828E-4297-AAD7-863071A3012E}.Release|iPhoneSimulator.ActiveCfg = Release|iPhoneSimulator
		{2CE2E1D9-828E-4297-AAD7-863071A3012E}.Release|iPhoneSimulator.Build.0 = Release|iPhoneSimulator
		{2CE2E1D9-828E-4297-AAD7-863071A3012E}.Release|iPhoneSimulator.Deploy.0 = Release|iPhoneSimulator
		{2CE2E1D9-828E-4297-AAD7-863071A3012E}.Release|x64.ActiveCfg = Release|iPhoneSimulator
		{2CE2E1D9-828E-4297-AAD7-863071A3012E}.Release|x64.Build.0 = Release|iPhoneSimulator
		{2CE2E1D9-828E-4297-AAD7-863071A3012E}.Release|x64.Deploy.0 = Release|iPhoneSimulator
		{2CE2E1D9-828E-4297-AAD7-863071A3012E}.Release|x86.ActiveCfg = Release|iPhoneSimulator
		{2CE2E1D9-828E-4297-AAD7-863071A3012E}.Release|x86.Build.0 = Release|iPhoneSimulator
		{2CE2E1D9-828E-4297-AAD7-863071A3012E}.Release|x86.Deploy.0 = Release|iPhoneSimulator
		{8E9B3C35-5702-426D-B6E6-8BE339894E67}.Debug|Any CPU.ActiveCfg = Debug|Any CPU
		{8E9B3C35-5702-426D-B6E6-8BE339894E67}.Debug|Any CPU.Build.0 = Debug|Any CPU
		{8E9B3C35-5702-426D-B6E6-8BE339894E67}.Debug|Any CPU.Deploy.0 = Debug|Any CPU
		{8E9B3C35-5702-426D-B6E6-8BE339894E67}.Debug|ARM.ActiveCfg = Debug|Any CPU
		{8E9B3C35-5702-426D-B6E6-8BE339894E67}.Debug|ARM.Build.0 = Debug|Any CPU
		{8E9B3C35-5702-426D-B6E6-8BE339894E67}.Debug|ARM.Deploy.0 = Debug|Any CPU
		{8E9B3C35-5702-426D-B6E6-8BE339894E67}.Debug|iPhone.ActiveCfg = Debug|Any CPU
		{8E9B3C35-5702-426D-B6E6-8BE339894E67}.Debug|iPhone.Build.0 = Debug|Any CPU
		{8E9B3C35-5702-426D-B6E6-8BE339894E67}.Debug|iPhone.Deploy.0 = Debug|Any CPU
		{8E9B3C35-5702-426D-B6E6-8BE339894E67}.Debug|iPhoneSimulator.ActiveCfg = Debug|Any CPU
		{8E9B3C35-5702-426D-B6E6-8BE339894E67}.Debug|iPhoneSimulator.Build.0 = Debug|Any CPU
		{8E9B3C35-5702-426D-B6E6-8BE339894E67}.Debug|iPhoneSimulator.Deploy.0 = Debug|Any CPU
		{8E9B3C35-5702-426D-B6E6-8BE339894E67}.Debug|x64.ActiveCfg = Debug|Any CPU
		{8E9B3C35-5702-426D-B6E6-8BE339894E67}.Debug|x64.Build.0 = Debug|Any CPU
		{8E9B3C35-5702-426D-B6E6-8BE339894E67}.Debug|x64.Deploy.0 = Debug|Any CPU
		{8E9B3C35-5702-426D-B6E6-8BE339894E67}.Debug|x86.ActiveCfg = Debug|Any CPU
		{8E9B3C35-5702-426D-B6E6-8BE339894E67}.Debug|x86.Build.0 = Debug|Any CPU
		{8E9B3C35-5702-426D-B6E6-8BE339894E67}.Debug|x86.Deploy.0 = Debug|Any CPU
		{8E9B3C35-5702-426D-B6E6-8BE339894E67}.Release|Any CPU.ActiveCfg = Release|Any CPU
		{8E9B3C35-5702-426D-B6E6-8BE339894E67}.Release|Any CPU.Build.0 = Release|Any CPU
		{8E9B3C35-5702-426D-B6E6-8BE339894E67}.Release|Any CPU.Deploy.0 = Release|Any CPU
		{8E9B3C35-5702-426D-B6E6-8BE339894E67}.Release|ARM.ActiveCfg = Release|Any CPU
		{8E9B3C35-5702-426D-B6E6-8BE339894E67}.Release|ARM.Build.0 = Release|Any CPU
		{8E9B3C35-5702-426D-B6E6-8BE339894E67}.Release|ARM.Deploy.0 = Release|Any CPU
		{8E9B3C35-5702-426D-B6E6-8BE339894E67}.Release|iPhone.ActiveCfg = Release|Any CPU
		{8E9B3C35-5702-426D-B6E6-8BE339894E67}.Release|iPhone.Build.0 = Release|Any CPU
		{8E9B3C35-5702-426D-B6E6-8BE339894E67}.Release|iPhone.Deploy.0 = Release|Any CPU
		{8E9B3C35-5702-426D-B6E6-8BE339894E67}.Release|iPhoneSimulator.ActiveCfg = Release|Any CPU
		{8E9B3C35-5702-426D-B6E6-8BE339894E67}.Release|iPhoneSimulator.Build.0 = Release|Any CPU
		{8E9B3C35-5702-426D-B6E6-8BE339894E67}.Release|iPhoneSimulator.Deploy.0 = Release|Any CPU
		{8E9B3C35-5702-426D-B6E6-8BE339894E67}.Release|x64.ActiveCfg = Release|Any CPU
		{8E9B3C35-5702-426D-B6E6-8BE339894E67}.Release|x64.Build.0 = Release|Any CPU
		{8E9B3C35-5702-426D-B6E6-8BE339894E67}.Release|x64.Deploy.0 = Release|Any CPU
		{8E9B3C35-5702-426D-B6E6-8BE339894E67}.Release|x86.ActiveCfg = Release|Any CPU
		{8E9B3C35-5702-426D-B6E6-8BE339894E67}.Release|x86.Build.0 = Release|Any CPU
		{8E9B3C35-5702-426D-B6E6-8BE339894E67}.Release|x86.Deploy.0 = Release|Any CPU
		{8EB9EA9A-91EC-4801-9075-16656786ECDB}.Debug|Any CPU.ActiveCfg = Debug|Any CPU
		{8EB9EA9A-91EC-4801-9075-16656786ECDB}.Debug|Any CPU.Build.0 = Debug|Any CPU
		{8EB9EA9A-91EC-4801-9075-16656786ECDB}.Debug|ARM.ActiveCfg = Debug|Any CPU
		{8EB9EA9A-91EC-4801-9075-16656786ECDB}.Debug|ARM.Build.0 = Debug|Any CPU
		{8EB9EA9A-91EC-4801-9075-16656786ECDB}.Debug|iPhone.ActiveCfg = Debug|Any CPU
		{8EB9EA9A-91EC-4801-9075-16656786ECDB}.Debug|iPhone.Build.0 = Debug|Any CPU
		{8EB9EA9A-91EC-4801-9075-16656786ECDB}.Debug|iPhoneSimulator.ActiveCfg = Debug|Any CPU
		{8EB9EA9A-91EC-4801-9075-16656786ECDB}.Debug|iPhoneSimulator.Build.0 = Debug|Any CPU
		{8EB9EA9A-91EC-4801-9075-16656786ECDB}.Debug|x64.ActiveCfg = Debug|Any CPU
		{8EB9EA9A-91EC-4801-9075-16656786ECDB}.Debug|x64.Build.0 = Debug|Any CPU
		{8EB9EA9A-91EC-4801-9075-16656786ECDB}.Debug|x86.ActiveCfg = Debug|Any CPU
		{8EB9EA9A-91EC-4801-9075-16656786ECDB}.Debug|x86.Build.0 = Debug|Any CPU
		{8EB9EA9A-91EC-4801-9075-16656786ECDB}.Release|Any CPU.ActiveCfg = Release|Any CPU
		{8EB9EA9A-91EC-4801-9075-16656786ECDB}.Release|Any CPU.Build.0 = Release|Any CPU
		{8EB9EA9A-91EC-4801-9075-16656786ECDB}.Release|ARM.ActiveCfg = Release|Any CPU
		{8EB9EA9A-91EC-4801-9075-16656786ECDB}.Release|ARM.Build.0 = Release|Any CPU
		{8EB9EA9A-91EC-4801-9075-16656786ECDB}.Release|iPhone.ActiveCfg = Release|Any CPU
		{8EB9EA9A-91EC-4801-9075-16656786ECDB}.Release|iPhone.Build.0 = Release|Any CPU
		{8EB9EA9A-91EC-4801-9075-16656786ECDB}.Release|iPhoneSimulator.ActiveCfg = Release|Any CPU
		{8EB9EA9A-91EC-4801-9075-16656786ECDB}.Release|iPhoneSimulator.Build.0 = Release|Any CPU
		{8EB9EA9A-91EC-4801-9075-16656786ECDB}.Release|x64.ActiveCfg = Release|Any CPU
		{8EB9EA9A-91EC-4801-9075-16656786ECDB}.Release|x64.Build.0 = Release|Any CPU
		{8EB9EA9A-91EC-4801-9075-16656786ECDB}.Release|x86.ActiveCfg = Release|Any CPU
		{8EB9EA9A-91EC-4801-9075-16656786ECDB}.Release|x86.Build.0 = Release|Any CPU
	EndGlobalSection
	GlobalSection(SolutionProperties) = preSolution
		HideSolutionNode = FALSE
	EndGlobalSection
	GlobalSection(ExtensibilityGlobals) = postSolution
		SolutionGuid = {E5C41241-43D9-4365-8244-6F4CA503040F}
	EndGlobalSection
EndGlobal
